
Microsoft Visual Studio Solution File, Format Version 12.00
# Visual Studio Version 17
VisualStudioVersion = 17.4.33103.184
MinimumVisualStudioVersion = 10.0.40219.1
Project("{9A19103F-16F7-4668-BE54-9A1E7A4F7556}") = "P01.ClimbThePeaks", "P01.ClimbThePeaks\P01.ClimbThePeaks.csproj", "{CE1F9ED2-CCAF-468C-BE0F-0F302F27FDCC}"
EndProject
Project("{9A19103F-16F7-4668-BE54-9A1E7A4F7556}") = "P03.ShoeStore", "P03.ShoeStore\P03.ShoeStore.csproj", "{5F4699C5-A022-4074-BCCF-8153DCA0AEC9}"
EndProject
Project("{FAE04EC0-301F-11D3-BF4B-00C04F79EFBC}") = "P02.NavyBattle", "P02.NavyBattle\P02.NavyBattle.csproj", "{F4BB268E-CE91-4CB6-8119-AC30D3DC1FB1}"
EndProject
Global
	GlobalSection(SolutionConfigurationPlatforms) = preSolution
		Debug|Any CPU = Debug|Any CPU
		Release|Any CPU = Release|Any CPU
	EndGlobalSection
	GlobalSection(ProjectConfigurationPlatforms) = postSolution
		{CE1F9ED2-CCAF-468C-BE0F-0F302F27FDCC}.Debug|Any CPU.ActiveCfg = Debug|Any CPU
		{CE1F9ED2-CCAF-468C-BE0F-0F302F27FDCC}.Debug|Any CPU.Build.0 = Debug|Any CPU
		{CE1F9ED2-CCAF-468C-BE0F-0F302F27FDCC}.Release|Any CPU.ActiveCfg = Release|Any CPU
		{CE1F9ED2-CCAF-468C-BE0F-0F302F27FDCC}.Release|Any CPU.Build.0 = Release|Any CPU
		{5F4699C5-A022-4074-BCCF-8153DCA0AEC9}.Debug|Any CPU.ActiveCfg = Debug|Any CPU
		{5F4699C5-A022-4074-BCCF-8153DCA0AEC9}.Debug|Any CPU.Build.0 = Debug|Any CPU
		{5F4699C5-A022-4074-BCCF-8153DCA0AEC9}.Release|Any CPU.ActiveCfg = Release|Any CPU
		{5F4699C5-A022-4074-BCCF-8153DCA0AEC9}.Release|Any CPU.Build.0 = Release|Any CPU
		{F4BB268E-CE91-4CB6-8119-AC30D3DC1FB1}.Debug|Any CPU.ActiveCfg = Debug|Any CPU
		{F4BB268E-CE91-4CB6-8119-AC30D3DC1FB1}.Debug|Any CPU.Build.0 = Debug|Any CPU
		{F4BB268E-CE91-4CB6-8119-AC30D3DC1FB1}.Release|Any CPU.ActiveCfg = Release|Any CPU
		{F4BB268E-CE91-4CB6-8119-AC30D3DC1FB1}.Release|Any CPU.Build.0 = Release|Any CPU
	EndGlobalSection
	GlobalSection(SolutionProperties) = preSolution
		HideSolutionNode = FALSE
	EndGlobalSection
	GlobalSection(ExtensibilityGlobals) = postSolution
		SolutionGuid = {66D70828-DBDB-49A1-864E-66E69D7900BC}
	EndGlobalSection
EndGlobal
