
Microsoft Visual Studio Solution File, Format Version 12.00
# Visual Studio Version 17
VisualStudioVersion = 17.6.33723.286
MinimumVisualStudioVersion = 10.0.40219.1
Project("{9A19103F-16F7-4668-BE54-9A1E7A4F7556}") = "P01.RobotService", "P01.RobotService\P01.RobotService.csproj", "{54D63EFE-2EC1-4D9E-9F36-3A4383EE784A}"
EndProject
Project("{FAE04EC0-301F-11D3-BF4B-00C04F79EFBC}") = "RobotService.Tests", "RobotService.Tests\RobotService.Tests.csproj", "{2B5C1B7B-BE96-4F6F-B7FD-982EBFE5DA01}"
EndProject
Global
	GlobalSection(SolutionConfigurationPlatforms) = preSolution
		Debug|Any CPU = Debug|Any CPU
		Release|Any CPU = Release|Any CPU
	EndGlobalSection
	GlobalSection(ProjectConfigurationPlatforms) = postSolution
		{54D63EFE-2EC1-4D9E-9F36-3A4383EE784A}.Debug|Any CPU.ActiveCfg = Debug|Any CPU
		{54D63EFE-2EC1-4D9E-9F36-3A4383EE784A}.Debug|Any CPU.Build.0 = Debug|Any CPU
		{54D63EFE-2EC1-4D9E-9F36-3A4383EE784A}.Release|Any CPU.ActiveCfg = Release|Any CPU
		{54D63EFE-2EC1-4D9E-9F36-3A4383EE784A}.Release|Any CPU.Build.0 = Release|Any CPU
		{2B5C1B7B-BE96-4F6F-B7FD-982EBFE5DA01}.Debug|Any CPU.ActiveCfg = Debug|Any CPU
		{2B5C1B7B-BE96-4F6F-B7FD-982EBFE5DA01}.Debug|Any CPU.Build.0 = Debug|Any CPU
		{2B5C1B7B-BE96-4F6F-B7FD-982EBFE5DA01}.Release|Any CPU.ActiveCfg = Release|Any CPU
		{2B5C1B7B-BE96-4F6F-B7FD-982EBFE5DA01}.Release|Any CPU.Build.0 = Release|Any CPU
	EndGlobalSection
	GlobalSection(SolutionProperties) = preSolution
		HideSolutionNode = FALSE
	EndGlobalSection
	GlobalSection(ExtensibilityGlobals) = postSolution
		SolutionGuid = {450D91FE-12F0-4FCB-B4E6-4F5F253F8816}
	EndGlobalSection
EndGlobal
