
Microsoft Visual Studio Solution File, Format Version 12.00
# Visual Studio Version 17
VisualStudioVersion = 17.6.33723.286
MinimumVisualStudioVersion = 10.0.40219.1
Project("{FAE04EC0-301F-11D3-BF4B-00C04F79EFBC}") = "PlanetWars", "PlanetWars\PlanetWars.csproj", "{20BE8117-28BC-4FA9-8CCC-51DF87C93EDE}"
EndProject
Global
	GlobalSection(SolutionConfigurationPlatforms) = preSolution
		Debug|Any CPU = Debug|Any CPU
		Release|Any CPU = Release|Any CPU
	EndGlobalSection
	GlobalSection(ProjectConfigurationPlatforms) = postSolution
		{20BE8117-28BC-4FA9-8CCC-51DF87C93EDE}.Debug|Any CPU.ActiveCfg = Debug|Any CPU
		{20BE8117-28BC-4FA9-8CCC-51DF87C93EDE}.Debug|Any CPU.Build.0 = Debug|Any CPU
		{20BE8117-28BC-4FA9-8CCC-51DF87C93EDE}.Release|Any CPU.ActiveCfg = Release|Any CPU
		{20BE8117-28BC-4FA9-8CCC-51DF87C93EDE}.Release|Any CPU.Build.0 = Release|Any CPU
	EndGlobalSection
	GlobalSection(SolutionProperties) = preSolution
		HideSolutionNode = FALSE
	EndGlobalSection
	GlobalSection(ExtensibilityGlobals) = postSolution
		SolutionGuid = {E38AEFED-C192-4260-A20E-392E6AADF6CC}
	EndGlobalSection
EndGlobal
