
Microsoft Visual Studio Solution File, Format Version 12.00
# Visual Studio Version 17
VisualStudioVersion = 17.4.33103.184
MinimumVisualStudioVersion = 10.0.40219.1
Project("{9A19103F-16F7-4668-BE54-9A1E7A4F7556}") = "P01.ApocalypsePreparation", "SecondExam\P01.ApocalypsePreparation.csproj", "{20B11692-A869-47DE-B2D7-9EC9F8156032}"
EndProject
Project("{FAE04EC0-301F-11D3-BF4B-00C04F79EFBC}") = "P02.BlindMan'sBuff", "P02.BlindMan'sBuff\P02.BlindMan'sBuff.csproj", "{6089FC14-EC57-499B-B852-7E36887353F1}"
EndProject
Project("{FAE04EC0-301F-11D3-BF4B-00C04F79EFBC}") = "P03.SoftUniKindergarten", "P03.SoftUniKindergarten\P03.SoftUniKindergarten.csproj", "{1E6A0420-6B65-4C09-A8F6-3F2D37BEE3CA}"
EndProject
Global
	GlobalSection(SolutionConfigurationPlatforms) = preSolution
		Debug|Any CPU = Debug|Any CPU
		Release|Any CPU = Release|Any CPU
	EndGlobalSection
	GlobalSection(ProjectConfigurationPlatforms) = postSolution
		{20B11692-A869-47DE-B2D7-9EC9F8156032}.Debug|Any CPU.ActiveCfg = Debug|Any CPU
		{20B11692-A869-47DE-B2D7-9EC9F8156032}.Debug|Any CPU.Build.0 = Debug|Any CPU
		{20B11692-A869-47DE-B2D7-9EC9F8156032}.Release|Any CPU.ActiveCfg = Release|Any CPU
		{20B11692-A869-47DE-B2D7-9EC9F8156032}.Release|Any CPU.Build.0 = Release|Any CPU
		{6089FC14-EC57-499B-B852-7E36887353F1}.Debug|Any CPU.ActiveCfg = Debug|Any CPU
		{6089FC14-EC57-499B-B852-7E36887353F1}.Debug|Any CPU.Build.0 = Debug|Any CPU
		{6089FC14-EC57-499B-B852-7E36887353F1}.Release|Any CPU.ActiveCfg = Release|Any CPU
		{6089FC14-EC57-499B-B852-7E36887353F1}.Release|Any CPU.Build.0 = Release|Any CPU
		{1E6A0420-6B65-4C09-A8F6-3F2D37BEE3CA}.Debug|Any CPU.ActiveCfg = Debug|Any CPU
		{1E6A0420-6B65-4C09-A8F6-3F2D37BEE3CA}.Debug|Any CPU.Build.0 = Debug|Any CPU
		{1E6A0420-6B65-4C09-A8F6-3F2D37BEE3CA}.Release|Any CPU.ActiveCfg = Release|Any CPU
		{1E6A0420-6B65-4C09-A8F6-3F2D37BEE3CA}.Release|Any CPU.Build.0 = Release|Any CPU
	EndGlobalSection
	GlobalSection(SolutionProperties) = preSolution
		HideSolutionNode = FALSE
	EndGlobalSection
	GlobalSection(ExtensibilityGlobals) = postSolution
		SolutionGuid = {D044D9C8-DF5B-4AAC-9F31-F22DFD9C4009}
	EndGlobalSection
EndGlobal
