
Microsoft Visual Studio Solution File, Format Version 12.00
# Visual Studio Version 17
VisualStudioVersion = 17.6.33723.286
MinimumVisualStudioVersion = 10.0.40219.1
Project("{FAE04EC0-301F-11D3-BF4B-00C04F79EFBC}") = "P01.BookShopDatabase", "P01.BookShopDatabase\P01.BookShopDatabase.csproj", "{88409495-92EE-48D4-82AF-254BCE7EE143}"
EndProject
Global
	GlobalSection(SolutionConfigurationPlatforms) = preSolution
		Debug|Any CPU = Debug|Any CPU
		Release|Any CPU = Release|Any CPU
	EndGlobalSection
	GlobalSection(ProjectConfigurationPlatforms) = postSolution
		{88409495-92EE-48D4-82AF-254BCE7EE143}.Debug|Any CPU.ActiveCfg = Debug|Any CPU
		{88409495-92EE-48D4-82AF-254BCE7EE143}.Debug|Any CPU.Build.0 = Debug|Any CPU
		{88409495-92EE-48D4-82AF-254BCE7EE143}.Release|Any CPU.ActiveCfg = Release|Any CPU
		{88409495-92EE-48D4-82AF-254BCE7EE143}.Release|Any CPU.Build.0 = Release|Any CPU
	EndGlobalSection
	GlobalSection(SolutionProperties) = preSolution
		HideSolutionNode = FALSE
	EndGlobalSection
	GlobalSection(ExtensibilityGlobals) = postSolution
		SolutionGuid = {5AFDC890-876E-42C6-B65A-155FFCD2DD34}
	EndGlobalSection
EndGlobal
