
Microsoft Visual Studio Solution File, Format Version 12.00
# Visual Studio Version 17
VisualStudioVersion = 17.4.33103.184
MinimumVisualStudioVersion = 10.0.40219.1
Project("{FAE04EC0-301F-11D3-BF4B-00C04F79EFBC}") = "P01.Library", "P01.Library\P01.Library.csproj", "{69AA99E1-E987-4951-B086-96915BD09DF4}"
EndProject
Global
	GlobalSection(SolutionConfigurationPlatforms) = preSolution
		Debug|Any CPU = Debug|Any CPU
		Release|Any CPU = Release|Any CPU
	EndGlobalSection
	GlobalSection(ProjectConfigurationPlatforms) = postSolution
		{69AA99E1-E987-4951-B086-96915BD09DF4}.Debug|Any CPU.ActiveCfg = Debug|Any CPU
		{69AA99E1-E987-4951-B086-96915BD09DF4}.Debug|Any CPU.Build.0 = Debug|Any CPU
		{69AA99E1-E987-4951-B086-96915BD09DF4}.Release|Any CPU.ActiveCfg = Release|Any CPU
		{69AA99E1-E987-4951-B086-96915BD09DF4}.Release|Any CPU.Build.0 = Release|Any CPU
	EndGlobalSection
	GlobalSection(SolutionProperties) = preSolution
		HideSolutionNode = FALSE
	EndGlobalSection
	GlobalSection(ExtensibilityGlobals) = postSolution
		SolutionGuid = {A0A8F569-BDA3-480F-924F-64FD8AD65D1B}
	EndGlobalSection
EndGlobal
