
Microsoft Visual Studio Solution File, Format Version 12.00
# Visual Studio Version 17
VisualStudioVersion = 17.6.33723.286
MinimumVisualStudioVersion = 10.0.40219.1
Project("{FAE04EC0-301F-11D3-BF4B-00C04F79EFBC}") = "BoardGamesDatabase", "BoardGamesDatabase\BoardGamesDatabase.csproj", "{47D65E99-863A-49AE-BDDF-8E1EC8437277}"
EndProject
Project("{FAE04EC0-301F-11D3-BF4B-00C04F79EFBC}") = "EFExam06.04.2022", "EFExam06.04.2022\EFExam06.04.2022.csproj", "{47BEAC49-ABF6-497A-960F-9964197F8357}"
EndProject
Project("{FAE04EC0-301F-11D3-BF4B-00C04F79EFBC}") = "C#DBAdvancedExam-04Dec2021", "C#DBAdvancedExam-04Dec2021\C#DBAdvancedExam-04Dec2021.csproj", "{BE59616B-892D-4DF0-ACAC-D4E1D45A9DDB}"
EndProject
Global
	GlobalSection(SolutionConfigurationPlatforms) = preSolution
		Debug|Any CPU = Debug|Any CPU
		Release|Any CPU = Release|Any CPU
	EndGlobalSection
	GlobalSection(ProjectConfigurationPlatforms) = postSolution
		{47D65E99-863A-49AE-BDDF-8E1EC8437277}.Debug|Any CPU.ActiveCfg = Debug|Any CPU
		{47D65E99-863A-49AE-BDDF-8E1EC8437277}.Debug|Any CPU.Build.0 = Debug|Any CPU
		{47D65E99-863A-49AE-BDDF-8E1EC8437277}.Release|Any CPU.ActiveCfg = Release|Any CPU
		{47D65E99-863A-49AE-BDDF-8E1EC8437277}.Release|Any CPU.Build.0 = Release|Any CPU
		{47BEAC49-ABF6-497A-960F-9964197F8357}.Debug|Any CPU.ActiveCfg = Debug|Any CPU
		{47BEAC49-ABF6-497A-960F-9964197F8357}.Debug|Any CPU.Build.0 = Debug|Any CPU
		{47BEAC49-ABF6-497A-960F-9964197F8357}.Release|Any CPU.ActiveCfg = Release|Any CPU
		{47BEAC49-ABF6-497A-960F-9964197F8357}.Release|Any CPU.Build.0 = Release|Any CPU
		{BE59616B-892D-4DF0-ACAC-D4E1D45A9DDB}.Debug|Any CPU.ActiveCfg = Debug|Any CPU
		{BE59616B-892D-4DF0-ACAC-D4E1D45A9DDB}.Debug|Any CPU.Build.0 = Debug|Any CPU
		{BE59616B-892D-4DF0-ACAC-D4E1D45A9DDB}.Release|Any CPU.ActiveCfg = Release|Any CPU
		{BE59616B-892D-4DF0-ACAC-D4E1D45A9DDB}.Release|Any CPU.Build.0 = Release|Any CPU
	EndGlobalSection
	GlobalSection(SolutionProperties) = preSolution
		HideSolutionNode = FALSE
	EndGlobalSection
	GlobalSection(ExtensibilityGlobals) = postSolution
		SolutionGuid = {9D068443-B134-454A-971C-18D9D9FB3B55}
	EndGlobalSection
EndGlobal
