
Microsoft Visual Studio Solution File, Format Version 12.00
# Visual Studio Version 17
VisualStudioVersion = 17.6.33723.286
MinimumVisualStudioVersion = 10.0.40219.1
Project("{FAE04EC0-301F-11D3-BF4B-00C04F79EFBC}") = "P01.MusicHubDatabase", "P01.MusicHubDatabase\P01.MusicHubDatabase.csproj", "{A61B2E38-14B0-4111-86A0-15386888AD88}"
EndProject
Global
	GlobalSection(SolutionConfigurationPlatforms) = preSolution
		Debug|Any CPU = Debug|Any CPU
		Release|Any CPU = Release|Any CPU
	EndGlobalSection
	GlobalSection(ProjectConfigurationPlatforms) = postSolution
		{A61B2E38-14B0-4111-86A0-15386888AD88}.Debug|Any CPU.ActiveCfg = Debug|Any CPU
		{A61B2E38-14B0-4111-86A0-15386888AD88}.Debug|Any CPU.Build.0 = Debug|Any CPU
		{A61B2E38-14B0-4111-86A0-15386888AD88}.Release|Any CPU.ActiveCfg = Release|Any CPU
		{A61B2E38-14B0-4111-86A0-15386888AD88}.Release|Any CPU.Build.0 = Release|Any CPU
	EndGlobalSection
	GlobalSection(SolutionProperties) = preSolution
		HideSolutionNode = FALSE
	EndGlobalSection
	GlobalSection(ExtensibilityGlobals) = postSolution
		SolutionGuid = {B37AA647-E4C6-4B65-A864-F08DC40974F9}
	EndGlobalSection
EndGlobal
