
Microsoft Visual Studio Solution File, Format Version 12.00
# Visual Studio Version 17
VisualStudioVersion = 17.4.33103.184
MinimumVisualStudioVersion = 10.0.40219.1
Project("{9A19103F-16F7-4668-BE54-9A1E7A4F7556}") = "P01.LinkedList", "P01.LinkedList\P01.LinkedList.csproj", "{EBEAC31C-AB05-427B-A0B4-5B2093A4C524}"
EndProject
Project("{FAE04EC0-301F-11D3-BF4B-00C04F79EFBC}") = "P02.List", "P02.List\P02.List.csproj", "{3AD9C70F-6303-466F-BEDC-D763DA6DEE5A}"
EndProject
Global
	GlobalSection(SolutionConfigurationPlatforms) = preSolution
		Debug|Any CPU = Debug|Any CPU
		Release|Any CPU = Release|Any CPU
	EndGlobalSection
	GlobalSection(ProjectConfigurationPlatforms) = postSolution
		{EBEAC31C-AB05-427B-A0B4-5B2093A4C524}.Debug|Any CPU.ActiveCfg = Debug|Any CPU
		{EBEAC31C-AB05-427B-A0B4-5B2093A4C524}.Debug|Any CPU.Build.0 = Debug|Any CPU
		{EBEAC31C-AB05-427B-A0B4-5B2093A4C524}.Release|Any CPU.ActiveCfg = Release|Any CPU
		{EBEAC31C-AB05-427B-A0B4-5B2093A4C524}.Release|Any CPU.Build.0 = Release|Any CPU
		{3AD9C70F-6303-466F-BEDC-D763DA6DEE5A}.Debug|Any CPU.ActiveCfg = Debug|Any CPU
		{3AD9C70F-6303-466F-BEDC-D763DA6DEE5A}.Debug|Any CPU.Build.0 = Debug|Any CPU
		{3AD9C70F-6303-466F-BEDC-D763DA6DEE5A}.Release|Any CPU.ActiveCfg = Release|Any CPU
		{3AD9C70F-6303-466F-BEDC-D763DA6DEE5A}.Release|Any CPU.Build.0 = Release|Any CPU
	EndGlobalSection
	GlobalSection(SolutionProperties) = preSolution
		HideSolutionNode = FALSE
	EndGlobalSection
	GlobalSection(ExtensibilityGlobals) = postSolution
		SolutionGuid = {8BAC836F-4F84-48ED-A786-CCC64DD0AE77}
	EndGlobalSection
EndGlobal
