
Microsoft Visual Studio Solution File, Format Version 12.00
# Visual Studio Version 17
VisualStudioVersion = 17.4.33103.184
MinimumVisualStudioVersion = 10.0.40219.1
Project("{FAE04EC0-301F-11D3-BF4B-00C04F79EFBC}") = "P01.SortEvenNumbers", "P01.SortEvenNumbers\P01.SortEvenNumbers.csproj", "{21C86A34-44F4-4C0E-8AB6-C93A91486AF7}"
EndProject
Project("{FAE04EC0-301F-11D3-BF4B-00C04F79EFBC}") = "P02.SumNumbers", "P02.SumNumbers\P02.SumNumbers.csproj", "{A6158156-902C-4D95-8E5F-C826344415A6}"
EndProject
Project("{FAE04EC0-301F-11D3-BF4B-00C04F79EFBC}") = "P03.CountUppercaseWords", "P03.CountUppercaseWords\P03.CountUppercaseWords.csproj", "{8C07ABDE-5887-4D90-9B2F-125E060B19C6}"
EndProject
Project("{FAE04EC0-301F-11D3-BF4B-00C04F79EFBC}") = "P04.AddVAT", "P04.AddVAT\P04.AddVAT.csproj", "{1BF825D3-1670-4114-B333-08CB88DDE7EB}"
EndProject
Project("{FAE04EC0-301F-11D3-BF4B-00C04F79EFBC}") = "P05.FilterByAge", "P05.FilterByAge\P05.FilterByAge.csproj", "{AC5BFA52-CEDD-4AB1-9EDD-AECCE654F94C}"
EndProject
Global
	GlobalSection(SolutionConfigurationPlatforms) = preSolution
		Debug|Any CPU = Debug|Any CPU
		Release|Any CPU = Release|Any CPU
	EndGlobalSection
	GlobalSection(ProjectConfigurationPlatforms) = postSolution
		{21C86A34-44F4-4C0E-8AB6-C93A91486AF7}.Debug|Any CPU.ActiveCfg = Debug|Any CPU
		{21C86A34-44F4-4C0E-8AB6-C93A91486AF7}.Debug|Any CPU.Build.0 = Debug|Any CPU
		{21C86A34-44F4-4C0E-8AB6-C93A91486AF7}.Release|Any CPU.ActiveCfg = Release|Any CPU
		{21C86A34-44F4-4C0E-8AB6-C93A91486AF7}.Release|Any CPU.Build.0 = Release|Any CPU
		{A6158156-902C-4D95-8E5F-C826344415A6}.Debug|Any CPU.ActiveCfg = Debug|Any CPU
		{A6158156-902C-4D95-8E5F-C826344415A6}.Debug|Any CPU.Build.0 = Debug|Any CPU
		{A6158156-902C-4D95-8E5F-C826344415A6}.Release|Any CPU.ActiveCfg = Release|Any CPU
		{A6158156-902C-4D95-8E5F-C826344415A6}.Release|Any CPU.Build.0 = Release|Any CPU
		{8C07ABDE-5887-4D90-9B2F-125E060B19C6}.Debug|Any CPU.ActiveCfg = Debug|Any CPU
		{8C07ABDE-5887-4D90-9B2F-125E060B19C6}.Debug|Any CPU.Build.0 = Debug|Any CPU
		{8C07ABDE-5887-4D90-9B2F-125E060B19C6}.Release|Any CPU.ActiveCfg = Release|Any CPU
		{8C07ABDE-5887-4D90-9B2F-125E060B19C6}.Release|Any CPU.Build.0 = Release|Any CPU
		{1BF825D3-1670-4114-B333-08CB88DDE7EB}.Debug|Any CPU.ActiveCfg = Debug|Any CPU
		{1BF825D3-1670-4114-B333-08CB88DDE7EB}.Debug|Any CPU.Build.0 = Debug|Any CPU
		{1BF825D3-1670-4114-B333-08CB88DDE7EB}.Release|Any CPU.ActiveCfg = Release|Any CPU
		{1BF825D3-1670-4114-B333-08CB88DDE7EB}.Release|Any CPU.Build.0 = Release|Any CPU
		{AC5BFA52-CEDD-4AB1-9EDD-AECCE654F94C}.Debug|Any CPU.ActiveCfg = Debug|Any CPU
		{AC5BFA52-CEDD-4AB1-9EDD-AECCE654F94C}.Debug|Any CPU.Build.0 = Debug|Any CPU
		{AC5BFA52-CEDD-4AB1-9EDD-AECCE654F94C}.Release|Any CPU.ActiveCfg = Release|Any CPU
		{AC5BFA52-CEDD-4AB1-9EDD-AECCE654F94C}.Release|Any CPU.Build.0 = Release|Any CPU
	EndGlobalSection
	GlobalSection(SolutionProperties) = preSolution
		HideSolutionNode = FALSE
	EndGlobalSection
	GlobalSection(ExtensibilityGlobals) = postSolution
		SolutionGuid = {EEDDCECD-9B1B-40FE-955B-774F8B323E82}
	EndGlobalSection
EndGlobal
