
Microsoft Visual Studio Solution File, Format Version 12.00
# Visual Studio Version 17
VisualStudioVersion = 17.6.33723.286
MinimumVisualStudioVersion = 10.0.40219.1
Project("{FAE04EC0-301F-11D3-BF4B-00C04F79EFBC}") = "ProductShopDatabase", "ProductShopDatabase\ProductShopDatabase.csproj", "{74ABEB90-D325-4AAF-AB34-7C9157EE48D8}"
EndProject
Project("{FAE04EC0-301F-11D3-BF4B-00C04F79EFBC}") = "CarDealerXML", "CarDealerXML\CarDealerXML.csproj", "{8913DFE8-9C8A-4975-90E1-E93B02099ECD}"
EndProject
Global
	GlobalSection(SolutionConfigurationPlatforms) = preSolution
		Debug|Any CPU = Debug|Any CPU
		Release|Any CPU = Release|Any CPU
	EndGlobalSection
	GlobalSection(ProjectConfigurationPlatforms) = postSolution
		{74ABEB90-D325-4AAF-AB34-7C9157EE48D8}.Debug|Any CPU.ActiveCfg = Debug|Any CPU
		{74ABEB90-D325-4AAF-AB34-7C9157EE48D8}.Debug|Any CPU.Build.0 = Debug|Any CPU
		{74ABEB90-D325-4AAF-AB34-7C9157EE48D8}.Release|Any CPU.ActiveCfg = Release|Any CPU
		{74ABEB90-D325-4AAF-AB34-7C9157EE48D8}.Release|Any CPU.Build.0 = Release|Any CPU
		{8913DFE8-9C8A-4975-90E1-E93B02099ECD}.Debug|Any CPU.ActiveCfg = Debug|Any CPU
		{8913DFE8-9C8A-4975-90E1-E93B02099ECD}.Debug|Any CPU.Build.0 = Debug|Any CPU
		{8913DFE8-9C8A-4975-90E1-E93B02099ECD}.Release|Any CPU.ActiveCfg = Release|Any CPU
		{8913DFE8-9C8A-4975-90E1-E93B02099ECD}.Release|Any CPU.Build.0 = Release|Any CPU
	EndGlobalSection
	GlobalSection(SolutionProperties) = preSolution
		HideSolutionNode = FALSE
	EndGlobalSection
	GlobalSection(ExtensibilityGlobals) = postSolution
		SolutionGuid = {922CF0BF-3B00-4206-BF9D-933982E1146C}
	EndGlobalSection
EndGlobal
